
Microsoft Visual Studio Solution File, Format Version 12.00
# Visual Studio 15
Project("{FAE04EC0-301F-11D3-BF4B-00C04F79EFBC}") = "NEWCATALOGUE", "NEWCATALOGUE.csproj", "{8B88E3C2-056E-41B3-86F9-F7DFEA0F8D3E}"
EndProject
Project("{FAE04EC0-301F-11D3-BF4B-00C04F79EFBC}") = "NEWCATALOGUE.Tests", "NEWCATALOGUE.Tests\NEWCATALOGUE.Tests.csproj", "{9E5C10EA-9AEF-4E4F-A174-0BD2045B0106}"
EndProject
Global
	GlobalSection(SolutionConfigurationPlatforms) = preSolution
		Debug|Any CPU = Debug|Any CPU
		Release|Any CPU = Release|Any CPU
	EndGlobalSection
	GlobalSection(ProjectConfigurationPlatforms) = postSolution
		{8B88E3C2-056E-41B3-86F9-F7DFEA0F8D3E}.Debug|Any CPU.ActiveCfg = Debug|Any CPU
		{8B88E3C2-056E-41B3-86F9-F7DFEA0F8D3E}.Debug|Any CPU.Build.0 = Debug|Any CPU
		{8B88E3C2-056E-41B3-86F9-F7DFEA0F8D3E}.Release|Any CPU.ActiveCfg = Release|Any CPU
		{8B88E3C2-056E-41B3-86F9-F7DFEA0F8D3E}.Release|Any CPU.Build.0 = Release|Any CPU
		{9E5C10EA-9AEF-4E4F-A174-0BD2045B0106}.Debug|Any CPU.ActiveCfg = Debug|Any CPU
		{9E5C10EA-9AEF-4E4F-A174-0BD2045B0106}.Debug|Any CPU.Build.0 = Debug|Any CPU
		{9E5C10EA-9AEF-4E4F-A174-0BD2045B0106}.Release|Any CPU.ActiveCfg = Release|Any CPU
		{9E5C10EA-9AEF-4E4F-A174-0BD2045B0106}.Release|Any CPU.Build.0 = Release|Any CPU
	EndGlobalSection
EndGlobal
